{
  "version": 4,
  "terraform_version": "1.13.3",
  "serial": 16,
  "lineage": "8769082a-93ec-d8e2-1c4d-c77cf5fe8977",
  "outputs": {
    "email_dlq_arn": {
      "value": "arn:aws:sqs:ap-southeast-1:963884676923:email-queue-dlq",
      "type": "string"
    },
    "email_dlq_url": {
      "value": "https://sqs.ap-southeast-1.amazonaws.com/963884676923/email-queue-dlq",
      "type": "string"
    },
    "email_queue_arn": {
      "value": "arn:aws:sqs:ap-southeast-1:963884676923:email-queue",
      "type": "string"
    },
    "email_queue_id": {
      "value": "https://sqs.ap-southeast-1.amazonaws.com/963884676923/email-queue",
      "type": "string"
    },
    "email_queue_url": {
      "value": "https://sqs.ap-southeast-1.amazonaws.com/963884676923/email-queue",
      "type": "string"
    },
    "sqs_dlq_arn": {
      "value": "arn:aws:sqs:ap-southeast-1:963884676923:document-queue-dlq",
      "type": "string"
    },
    "sqs_dlq_url": {
      "value": "https://sqs.ap-southeast-1.amazonaws.com/963884676923/document-queue-dlq",
      "type": "string"
    },
    "sqs_queue_arn": {
      "value": "arn:aws:sqs:ap-southeast-1:963884676923:document-queue",
      "type": "string"
    },
    "sqs_queue_id": {
      "value": "https://sqs.ap-southeast-1.amazonaws.com/963884676923/document-queue",
      "type": "string"
    },
    "sqs_queue_url": {
      "value": "https://sqs.ap-southeast-1.amazonaws.com/963884676923/document-queue",
      "type": "string"
    }
  },
  "resources": [
    {
      "module": "module.email_queue",
      "mode": "managed",
      "type": "aws_sqs_queue",
      "name": "dlq",
      "provider": "provider[\"registry.terraform.io/hashicorp/aws\"]",
      "instances": [
        {
          "schema_version": 0,
          "attributes": {
            "arn": "arn:aws:sqs:ap-southeast-1:963884676923:email-queue-dlq",
            "content_based_deduplication": false,
            "deduplication_scope": "",
            "delay_seconds": 0,
            "fifo_queue": false,
            "fifo_throughput_limit": "",
            "id": "https://sqs.ap-southeast-1.amazonaws.com/963884676923/email-queue-dlq",
            "kms_data_key_reuse_period_seconds": 300,
            "kms_master_key_id": "",
            "max_message_size": 262144,
            "message_retention_seconds": 345600,
            "name": "email-queue-dlq",
            "name_prefix": "",
            "policy": "",
            "receive_wait_time_seconds": 0,
            "redrive_allow_policy": "",
            "redrive_policy": "",
            "sqs_managed_sse_enabled": true,
            "tags": {
              "Environment": "Personal",
              "Name": "email-queue-dlq",
              "Owner": "Personal",
              "Project": "DemoTerraform",
              "Purpose": "Email Processing",
              "Type": "Demo"
            },
            "tags_all": {
              "Environment": "Personal",
              "Name": "email-queue-dlq",
              "Owner": "Personal",
              "Project": "DemoTerraform",
              "Purpose": "Email Processing",
              "Type": "Demo"
            },
            "timeouts": null,
            "url": "https://sqs.ap-southeast-1.amazonaws.com/963884676923/email-queue-dlq",
            "visibility_timeout_seconds": 30
          },
          "sensitive_attributes": [],
          "identity_schema_version": 0,
          "private": "eyJlMmJmYjczMC1lY2FhLTExZTYtOGY4OC0zNDM2M2JjN2M0YzAiOnsiY3JlYXRlIjoxODAwMDAwMDAwMDAsImRlbGV0ZSI6MTgwMDAwMDAwMDAwLCJ1cGRhdGUiOjE4MDAwMDAwMDAwMH19"
        }
      ]
    },
    {
      "module": "module.email_queue",
      "mode": "managed",
      "type": "aws_sqs_queue",
      "name": "this",
      "provider": "provider[\"registry.terraform.io/hashicorp/aws\"]",
      "instances": [
        {
          "schema_version": 0,
          "attributes": {
            "arn": "arn:aws:sqs:ap-southeast-1:963884676923:email-queue",
            "content_based_deduplication": false,
            "deduplication_scope": "",
            "delay_seconds": 0,
            "fifo_queue": false,
            "fifo_throughput_limit": "",
            "id": "https://sqs.ap-southeast-1.amazonaws.com/963884676923/email-queue",
            "kms_data_key_reuse_period_seconds": 300,
            "kms_master_key_id": "",
            "max_message_size": 262144,
            "message_retention_seconds": 1209600,
            "name": "email-queue",
            "name_prefix": "",
            "policy": "",
            "receive_wait_time_seconds": 0,
            "redrive_allow_policy": "",
            "redrive_policy": "{\"deadLetterTargetArn\":\"arn:aws:sqs:ap-southeast-1:963884676923:email-queue-dlq\",\"maxReceiveCount\":3}",
            "sqs_managed_sse_enabled": true,
            "tags": {
              "Environment": "Personal",
              "Name": "email-queue",
              "Owner": "Personal",
              "Project": "DemoTerraform",
              "Purpose": "Email Processing",
              "Type": "Demo"
            },
            "tags_all": {
              "Environment": "Personal",
              "Name": "email-queue",
              "Owner": "Personal",
              "Project": "DemoTerraform",
              "Purpose": "Email Processing",
              "Type": "Demo"
            },
            "timeouts": null,
            "url": "https://sqs.ap-southeast-1.amazonaws.com/963884676923/email-queue",
            "visibility_timeout_seconds": 60
          },
          "sensitive_attributes": [],
          "identity_schema_version": 0,
          "private": "eyJlMmJmYjczMC1lY2FhLTExZTYtOGY4OC0zNDM2M2JjN2M0YzAiOnsiY3JlYXRlIjoxODAwMDAwMDAwMDAsImRlbGV0ZSI6MTgwMDAwMDAwMDAwLCJ1cGRhdGUiOjE4MDAwMDAwMDAwMH19"
        }
      ]
    },
    {
      "module": "module.email_queue",
      "mode": "managed",
      "type": "aws_sqs_queue_redrive_policy",
      "name": "this",
      "provider": "provider[\"registry.terraform.io/hashicorp/aws\"]",
      "instances": [
        {
          "schema_version": 0,
          "attributes": {
            "id": "https://sqs.ap-southeast-1.amazonaws.com/963884676923/email-queue",
            "queue_url": "https://sqs.ap-southeast-1.amazonaws.com/963884676923/email-queue",
            "redrive_policy": "{\"deadLetterTargetArn\":\"arn:aws:sqs:ap-southeast-1:963884676923:email-queue-dlq\",\"maxReceiveCount\":3}"
          },
          "sensitive_attributes": [],
          "identity_schema_version": 0,
          "private": "bnVsbA==",
          "dependencies": [
            "module.email_queue.aws_sqs_queue.dlq",
            "module.email_queue.aws_sqs_queue.this"
          ]
        }
      ]
    },
    {
      "module": "module.sqs_queue",
      "mode": "managed",
      "type": "aws_sqs_queue",
      "name": "dlq",
      "provider": "provider[\"registry.terraform.io/hashicorp/aws\"]",
      "instances": [
        {
          "schema_version": 0,
          "attributes": {
            "arn": "arn:aws:sqs:ap-southeast-1:963884676923:document-queue-dlq",
            "content_based_deduplication": false,
            "deduplication_scope": "",
            "delay_seconds": 0,
            "fifo_queue": false,
            "fifo_throughput_limit": "",
            "id": "https://sqs.ap-southeast-1.amazonaws.com/963884676923/document-queue-dlq",
            "kms_data_key_reuse_period_seconds": 300,
            "kms_master_key_id": "",
            "max_message_size": 262144,
            "message_retention_seconds": 345600,
            "name": "document-queue-dlq",
            "name_prefix": "",
            "policy": "",
            "receive_wait_time_seconds": 0,
            "redrive_allow_policy": "",
            "redrive_policy": "",
            "sqs_managed_sse_enabled": true,
            "tags": {
              "Environment": "Personal",
              "Name": "document-queue-dlq",
              "Owner": "Personal",
              "Project": "DemoTerraform",
              "Type": "Demo"
            },
            "tags_all": {
              "Environment": "Personal",
              "Name": "document-queue-dlq",
              "Owner": "Personal",
              "Project": "DemoTerraform",
              "Type": "Demo"
            },
            "timeouts": null,
            "url": "https://sqs.ap-southeast-1.amazonaws.com/963884676923/document-queue-dlq",
            "visibility_timeout_seconds": 30
          },
          "sensitive_attributes": [],
          "identity_schema_version": 0,
          "private": "eyJlMmJmYjczMC1lY2FhLTExZTYtOGY4OC0zNDM2M2JjN2M0YzAiOnsiY3JlYXRlIjoxODAwMDAwMDAwMDAsImRlbGV0ZSI6MTgwMDAwMDAwMDAwLCJ1cGRhdGUiOjE4MDAwMDAwMDAwMH19"
        }
      ]
    },
    {
      "module": "module.sqs_queue",
      "mode": "managed",
      "type": "aws_sqs_queue",
      "name": "this",
      "provider": "provider[\"registry.terraform.io/hashicorp/aws\"]",
      "instances": [
        {
          "schema_version": 0,
          "attributes": {
            "arn": "arn:aws:sqs:ap-southeast-1:963884676923:document-queue",
            "content_based_deduplication": false,
            "deduplication_scope": "",
            "delay_seconds": 0,
            "fifo_queue": false,
            "fifo_throughput_limit": "",
            "id": "https://sqs.ap-southeast-1.amazonaws.com/963884676923/document-queue",
            "kms_data_key_reuse_period_seconds": 300,
            "kms_master_key_id": "",
            "max_message_size": 262144,
            "message_retention_seconds": 86400,
            "name": "document-queue",
            "name_prefix": "",
            "policy": "",
            "receive_wait_time_seconds": 0,
            "redrive_allow_policy": "",
            "redrive_policy": "{\"deadLetterTargetArn\":\"arn:aws:sqs:ap-southeast-1:963884676923:document-queue-dlq\",\"maxReceiveCount\":3}",
            "sqs_managed_sse_enabled": true,
            "tags": {
              "Environment": "Personal",
              "Name": "document-queue",
              "Owner": "Personal",
              "Project": "DemoTerraform",
              "Type": "Demo"
            },
            "tags_all": {
              "Environment": "Personal",
              "Name": "document-queue",
              "Owner": "Personal",
              "Project": "DemoTerraform",
              "Type": "Demo"
            },
            "timeouts": null,
            "url": "https://sqs.ap-southeast-1.amazonaws.com/963884676923/document-queue",
            "visibility_timeout_seconds": 30
          },
          "sensitive_attributes": [],
          "identity_schema_version": 0,
          "private": "eyJlMmJmYjczMC1lY2FhLTExZTYtOGY4OC0zNDM2M2JjN2M0YzAiOnsiY3JlYXRlIjoxODAwMDAwMDAwMDAsImRlbGV0ZSI6MTgwMDAwMDAwMDAwLCJ1cGRhdGUiOjE4MDAwMDAwMDAwMH19"
        }
      ]
    },
    {
      "module": "module.sqs_queue",
      "mode": "managed",
      "type": "aws_sqs_queue_redrive_policy",
      "name": "this",
      "provider": "provider[\"registry.terraform.io/hashicorp/aws\"]",
      "instances": [
        {
          "schema_version": 0,
          "attributes": {
            "id": "https://sqs.ap-southeast-1.amazonaws.com/963884676923/document-queue",
            "queue_url": "https://sqs.ap-southeast-1.amazonaws.com/963884676923/document-queue",
            "redrive_policy": "{\"deadLetterTargetArn\":\"arn:aws:sqs:ap-southeast-1:963884676923:document-queue-dlq\",\"maxReceiveCount\":3}"
          },
          "sensitive_attributes": [],
          "identity_schema_version": 0,
          "private": "bnVsbA==",
          "dependencies": [
            "module.sqs_queue.aws_sqs_queue.dlq",
            "module.sqs_queue.aws_sqs_queue.this"
          ]
        }
      ]
    }
  ],
  "check_results": null
}
