{
  "version": 4,
  "terraform_version": "1.13.3",
  "serial": 57,
  "lineage": "8769082a-93ec-d8e2-1c4d-c77cf5fe8977",
  "outputs": {
    "db_connection_string": {
      "value": "postgresql://postgres:[PASSWORD]@knowledge-base-db.c30ekiwk6ooq.ap-southeast-1.rds.amazonaws.com:5432/knowledge_base",
      "type": "string",
      "sensitive": true
    },
    "db_endpoint": {
      "value": "knowledge-base-db.c30ekiwk6ooq.ap-southeast-1.rds.amazonaws.com:5432",
      "type": "string"
    },
    "db_name": {
      "value": "knowledge_base",
      "type": "string"
    },
    "db_port": {
      "value": 5432,
      "type": "number"
    },
    "db_security_group_id": {
      "value": "sg-04949f65f358517a1",
      "type": "string"
    },
    "db_username": {
      "value": "postgres",
      "type": "string",
      "sensitive": true
    },
    "email_dlq_arn": {
      "value": "arn:aws:sqs:ap-southeast-1:963884676923:email-queue-dlq",
      "type": "string"
    },
    "email_dlq_url": {
      "value": "https://sqs.ap-southeast-1.amazonaws.com/963884676923/email-queue-dlq",
      "type": "string"
    },
    "email_queue_arn": {
      "value": "arn:aws:sqs:ap-southeast-1:963884676923:email-queue",
      "type": "string"
    },
    "email_queue_id": {
      "value": "https://sqs.ap-southeast-1.amazonaws.com/963884676923/email-queue",
      "type": "string"
    },
    "email_queue_url": {
      "value": "https://sqs.ap-southeast-1.amazonaws.com/963884676923/email-queue",
      "type": "string"
    },
    "s3_bucket_arn": {
      "value": "arn:aws:s3:::kb-bucket-personal-2025-10-09",
      "type": "string"
    },
    "s3_bucket_domain_name": {
      "value": "kb-bucket-personal-2025-10-09.s3.amazonaws.com",
      "type": "string"
    },
    "s3_bucket_id": {
      "value": "kb-bucket-personal-2025-10-09",
      "type": "string"
    },
    "ses_configuration_set_name": {
      "value": "knowledge-base-ses-config-set",
      "type": "string"
    },
    "ses_email_identities": {
      "value": {},
      "type": [
        "object",
        {}
      ]
    },
    "ses_smtp_port": {
      "value": 587,
      "type": "number"
    },
    "ses_smtp_server": {
      "value": "email-smtp.ap-southeast-1.amazonaws.com",
      "type": "string"
    },
    "sqs_dlq_arn": {
      "value": "arn:aws:sqs:ap-southeast-1:963884676923:document-queue-dlq",
      "type": "string"
    },
    "sqs_dlq_url": {
      "value": "https://sqs.ap-southeast-1.amazonaws.com/963884676923/document-queue-dlq",
      "type": "string"
    },
    "sqs_queue_arn": {
      "value": "arn:aws:sqs:ap-southeast-1:963884676923:document-queue",
      "type": "string"
    },
    "sqs_queue_id": {
      "value": "https://sqs.ap-southeast-1.amazonaws.com/963884676923/document-queue",
      "type": "string"
    },
    "sqs_queue_url": {
      "value": "https://sqs.ap-southeast-1.amazonaws.com/963884676923/document-queue",
      "type": "string"
    }
  },
  "resources": [
    {
      "mode": "managed",
      "type": "aws_sqs_queue_policy",
      "name": "s3_to_sqs_policy",
      "provider": "provider[\"registry.terraform.io/hashicorp/aws\"]",
      "instances": [
        {
          "schema_version": 1,
          "attributes": {
            "id": "https://sqs.ap-southeast-1.amazonaws.com/963884676923/document-queue",
            "policy": "{\"Statement\":[{\"Action\":\"sqs:SendMessage\",\"Condition\":{\"ArnEquals\":{\"aws:SourceArn\":\"arn:aws:s3:::kb-bucket-personal-2025-10-09\"}},\"Effect\":\"Allow\",\"Principal\":\"*\",\"Resource\":\"arn:aws:sqs:ap-southeast-1:963884676923:document-queue\",\"Sid\":\"AllowS3SendMessage\"}],\"Version\":\"2012-10-17\"}",
            "queue_url": "https://sqs.ap-southeast-1.amazonaws.com/963884676923/document-queue"
          },
          "sensitive_attributes": [],
          "identity_schema_version": 0,
          "private": "eyJzY2hlbWFfdmVyc2lvbiI6IjEifQ==",
          "dependencies": [
            "module.s3_bucket.aws_s3_bucket.this",
            "module.sqs_queue.aws_sqs_queue.this"
          ]
        }
      ]
    },
    {
      "module": "module.email_queue",
      "mode": "managed",
      "type": "aws_sqs_queue",
      "name": "dlq",
      "provider": "provider[\"registry.terraform.io/hashicorp/aws\"]",
      "instances": [
        {
          "schema_version": 0,
          "attributes": {
            "arn": "arn:aws:sqs:ap-southeast-1:963884676923:email-queue-dlq",
            "content_based_deduplication": false,
            "deduplication_scope": "",
            "delay_seconds": 0,
            "fifo_queue": false,
            "fifo_throughput_limit": "",
            "id": "https://sqs.ap-southeast-1.amazonaws.com/963884676923/email-queue-dlq",
            "kms_data_key_reuse_period_seconds": 300,
            "kms_master_key_id": "",
            "max_message_size": 262144,
            "message_retention_seconds": 345600,
            "name": "email-queue-dlq",
            "name_prefix": "",
            "policy": "",
            "receive_wait_time_seconds": 0,
            "redrive_allow_policy": "",
            "redrive_policy": "",
            "sqs_managed_sse_enabled": true,
            "tags": {
              "Environment": "Personal",
              "Name": "email-queue-dlq",
              "Owner": "Personal",
              "Project": "DemoTerraform",
              "Purpose": "Email Processing",
              "Type": "Demo"
            },
            "tags_all": {
              "Environment": "Personal",
              "Name": "email-queue-dlq",
              "Owner": "Personal",
              "Project": "DemoTerraform",
              "Purpose": "Email Processing",
              "Type": "Demo"
            },
            "timeouts": null,
            "url": "https://sqs.ap-southeast-1.amazonaws.com/963884676923/email-queue-dlq",
            "visibility_timeout_seconds": 30
          },
          "sensitive_attributes": [],
          "identity_schema_version": 0,
          "private": "eyJlMmJmYjczMC1lY2FhLTExZTYtOGY4OC0zNDM2M2JjN2M0YzAiOnsiY3JlYXRlIjoxODAwMDAwMDAwMDAsImRlbGV0ZSI6MTgwMDAwMDAwMDAwLCJ1cGRhdGUiOjE4MDAwMDAwMDAwMH19"
        }
      ]
    },
    {
      "module": "module.email_queue",
      "mode": "managed",
      "type": "aws_sqs_queue",
      "name": "this",
      "provider": "provider[\"registry.terraform.io/hashicorp/aws\"]",
      "instances": [
        {
          "schema_version": 0,
          "attributes": {
            "arn": "arn:aws:sqs:ap-southeast-1:963884676923:email-queue",
            "content_based_deduplication": false,
            "deduplication_scope": "",
            "delay_seconds": 0,
            "fifo_queue": false,
            "fifo_throughput_limit": "",
            "id": "https://sqs.ap-southeast-1.amazonaws.com/963884676923/email-queue",
            "kms_data_key_reuse_period_seconds": 300,
            "kms_master_key_id": "",
            "max_message_size": 262144,
            "message_retention_seconds": 1209600,
            "name": "email-queue",
            "name_prefix": "",
            "policy": "",
            "receive_wait_time_seconds": 0,
            "redrive_allow_policy": "",
            "redrive_policy": "{\"deadLetterTargetArn\":\"arn:aws:sqs:ap-southeast-1:963884676923:email-queue-dlq\",\"maxReceiveCount\":3}",
            "sqs_managed_sse_enabled": true,
            "tags": {
              "Environment": "Personal",
              "Name": "email-queue",
              "Owner": "Personal",
              "Project": "DemoTerraform",
              "Purpose": "Email Processing",
              "Type": "Demo"
            },
            "tags_all": {
              "Environment": "Personal",
              "Name": "email-queue",
              "Owner": "Personal",
              "Project": "DemoTerraform",
              "Purpose": "Email Processing",
              "Type": "Demo"
            },
            "timeouts": null,
            "url": "https://sqs.ap-southeast-1.amazonaws.com/963884676923/email-queue",
            "visibility_timeout_seconds": 60
          },
          "sensitive_attributes": [],
          "identity_schema_version": 0,
          "private": "eyJlMmJmYjczMC1lY2FhLTExZTYtOGY4OC0zNDM2M2JjN2M0YzAiOnsiY3JlYXRlIjoxODAwMDAwMDAwMDAsImRlbGV0ZSI6MTgwMDAwMDAwMDAwLCJ1cGRhdGUiOjE4MDAwMDAwMDAwMH19"
        }
      ]
    },
    {
      "module": "module.email_queue",
      "mode": "managed",
      "type": "aws_sqs_queue_redrive_policy",
      "name": "this",
      "provider": "provider[\"registry.terraform.io/hashicorp/aws\"]",
      "instances": [
        {
          "schema_version": 0,
          "attributes": {
            "id": "https://sqs.ap-southeast-1.amazonaws.com/963884676923/email-queue",
            "queue_url": "https://sqs.ap-southeast-1.amazonaws.com/963884676923/email-queue",
            "redrive_policy": "{\"deadLetterTargetArn\":\"arn:aws:sqs:ap-southeast-1:963884676923:email-queue-dlq\",\"maxReceiveCount\":3}"
          },
          "sensitive_attributes": [],
          "identity_schema_version": 0,
          "private": "bnVsbA==",
          "dependencies": [
            "module.email_queue.aws_sqs_queue.dlq",
            "module.email_queue.aws_sqs_queue.this"
          ]
        }
      ]
    },
    {
      "module": "module.rds_postgres",
      "mode": "data",
      "type": "aws_subnets",
      "name": "default",
      "provider": "provider[\"registry.terraform.io/hashicorp/aws\"]",
      "instances": [
        {
          "schema_version": 0,
          "attributes": {
            "filter": [
              {
                "name": "vpc-id",
                "values": [
                  "vpc-08d335a007d66e2a3"
                ]
              }
            ],
            "id": "ap-southeast-1",
            "ids": [
              "subnet-070dd8ab0b3bd3382",
              "subnet-00543cc1262e46f93",
              "subnet-0c817a494c7b519e4"
            ],
            "tags": null,
            "timeouts": null
          },
          "sensitive_attributes": [],
          "identity_schema_version": 0
        }
      ]
    },
    {
      "module": "module.rds_postgres",
      "mode": "data",
      "type": "aws_vpc",
      "name": "default",
      "provider": "provider[\"registry.terraform.io/hashicorp/aws\"]",
      "instances": [
        {
          "schema_version": 0,
          "attributes": {
            "arn": "arn:aws:ec2:ap-southeast-1:963884676923:vpc/vpc-08d335a007d66e2a3",
            "cidr_block": "172.31.0.0/16",
            "cidr_block_associations": [
              {
                "association_id": "vpc-cidr-assoc-0f0f0b4de3f0db4cd",
                "cidr_block": "172.31.0.0/16",
                "state": "associated"
              }
            ],
            "default": true,
            "dhcp_options_id": "dopt-0536a030517a4a51c",
            "enable_dns_hostnames": true,
            "enable_dns_support": true,
            "enable_network_address_usage_metrics": false,
            "filter": null,
            "id": "vpc-08d335a007d66e2a3",
            "instance_tenancy": "default",
            "ipv6_association_id": "",
            "ipv6_cidr_block": "",
            "main_route_table_id": "rtb-0f0b8cf016fbb4776",
            "owner_id": "963884676923",
            "state": null,
            "tags": {},
            "timeouts": null
          },
          "sensitive_attributes": [],
          "identity_schema_version": 0
        }
      ]
    },
    {
      "module": "module.rds_postgres",
      "mode": "managed",
      "type": "aws_db_instance",
      "name": "this",
      "provider": "provider[\"registry.terraform.io/hashicorp/aws\"]",
      "instances": [
        {
          "schema_version": 2,
          "attributes": {
            "address": "knowledge-base-db.c30ekiwk6ooq.ap-southeast-1.rds.amazonaws.com",
            "allocated_storage": 20,
            "allow_major_version_upgrade": null,
            "apply_immediately": false,
            "arn": "arn:aws:rds:ap-southeast-1:963884676923:db:knowledge-base-db",
            "auto_minor_version_upgrade": true,
            "availability_zone": "ap-southeast-1c",
            "backup_retention_period": 7,
            "backup_target": "region",
            "backup_window": "03:00-04:00",
            "blue_green_update": [],
            "ca_cert_identifier": "rds-ca-rsa2048-g1",
            "character_set_name": "",
            "copy_tags_to_snapshot": false,
            "custom_iam_instance_profile": "",
            "customer_owned_ip_enabled": false,
            "database_insights_mode": "standard",
            "db_name": "knowledge_base",
            "db_subnet_group_name": "knowledge-base-db-subnet-group",
            "dedicated_log_volume": false,
            "delete_automated_backups": true,
            "deletion_protection": false,
            "domain": "",
            "domain_auth_secret_arn": "",
            "domain_dns_ips": [],
            "domain_fqdn": "",
            "domain_iam_role_name": "",
            "domain_ou": "",
            "enabled_cloudwatch_logs_exports": [
              "postgresql"
            ],
            "endpoint": "knowledge-base-db.c30ekiwk6ooq.ap-southeast-1.rds.amazonaws.com:5432",
            "engine": "postgres",
            "engine_lifecycle_support": "open-source-rds-extended-support",
            "engine_version": "15.12",
            "engine_version_actual": "15.12",
            "final_snapshot_identifier": null,
            "hosted_zone_id": "Z2G0U3KFCY8NZ5",
            "iam_database_authentication_enabled": false,
            "id": "db-TKXJN3MKRQHOKEOBNLIPE4R2GA",
            "identifier": "knowledge-base-db",
            "identifier_prefix": "",
            "instance_class": "db.t3.micro",
            "iops": 0,
            "kms_key_id": "arn:aws:kms:ap-southeast-1:963884676923:key/70368d81-08f6-4972-8e98-c3cc528b0328",
            "latest_restorable_time": "2025-10-13T03:59:32Z",
            "license_model": "postgresql-license",
            "listener_endpoint": [],
            "maintenance_window": "sun:04:00-sun:05:00",
            "manage_master_user_password": null,
            "master_user_secret": [],
            "master_user_secret_kms_key_id": null,
            "max_allocated_storage": 100,
            "monitoring_interval": 0,
            "monitoring_role_arn": "",
            "multi_az": false,
            "nchar_character_set_name": "",
            "network_type": "IPV4",
            "option_group_name": "default:postgres-15",
            "parameter_group_name": "default.postgres15",
            "password": "mypassword",
            "password_wo": null,
            "password_wo_version": null,
            "performance_insights_enabled": true,
            "performance_insights_kms_key_id": "arn:aws:kms:ap-southeast-1:963884676923:key/70368d81-08f6-4972-8e98-c3cc528b0328",
            "performance_insights_retention_period": 7,
            "port": 5432,
            "publicly_accessible": true,
            "replica_mode": "",
            "replicas": [],
            "replicate_source_db": "",
            "resource_id": "db-TKXJN3MKRQHOKEOBNLIPE4R2GA",
            "restore_to_point_in_time": [],
            "s3_import": [],
            "skip_final_snapshot": true,
            "snapshot_identifier": null,
            "status": "available",
            "storage_encrypted": true,
            "storage_throughput": 0,
            "storage_type": "gp2",
            "tags": {
              "Engine": "PostgreSQL",
              "Environment": "Personal",
              "Name": "knowledge-base-db",
              "Owner": "Personal",
              "Project": "DemoTerraform",
              "Purpose": "Knowledge Base Database",
              "Type": "Demo"
            },
            "tags_all": {
              "Engine": "PostgreSQL",
              "Environment": "Personal",
              "Name": "knowledge-base-db",
              "Owner": "Personal",
              "Project": "DemoTerraform",
              "Purpose": "Knowledge Base Database",
              "Type": "Demo"
            },
            "timeouts": null,
            "timezone": "",
            "upgrade_storage_config": null,
            "username": "postgres",
            "vpc_security_group_ids": [
              "sg-04949f65f358517a1"
            ]
          },
          "sensitive_attributes": [
            [
              {
                "type": "get_attr",
                "value": "password"
              }
            ],
            [
              {
                "type": "get_attr",
                "value": "password_wo"
              }
            ]
          ],
          "identity_schema_version": 0,
          "private": "eyJlMmJmYjczMC1lY2FhLTExZTYtOGY4OC0zNDM2M2JjN2M0YzAiOnsiY3JlYXRlIjozMDAwMDAwMDAwMDAwLCJkZWxldGUiOjM2MDAwMDAwMDAwMDAsInVwZGF0ZSI6NDgwMDAwMDAwMDAwMH0sInNjaGVtYV92ZXJzaW9uIjoiMiJ9",
          "dependencies": [
            "module.rds_postgres.aws_db_subnet_group.this",
            "module.rds_postgres.aws_security_group.rds",
            "module.rds_postgres.data.aws_subnets.default",
            "module.rds_postgres.data.aws_vpc.default"
          ]
        }
      ]
    },
    {
      "module": "module.rds_postgres",
      "mode": "managed",
      "type": "aws_db_subnet_group",
      "name": "this",
      "provider": "provider[\"registry.terraform.io/hashicorp/aws\"]",
      "instances": [
        {
          "schema_version": 0,
          "attributes": {
            "arn": "arn:aws:rds:ap-southeast-1:963884676923:subgrp:knowledge-base-db-subnet-group",
            "description": "Managed by Terraform",
            "id": "knowledge-base-db-subnet-group",
            "name": "knowledge-base-db-subnet-group",
            "name_prefix": "",
            "subnet_ids": [
              "subnet-00543cc1262e46f93",
              "subnet-070dd8ab0b3bd3382",
              "subnet-0c817a494c7b519e4"
            ],
            "supported_network_types": [
              "IPV4"
            ],
            "tags": {
              "Name": "knowledge-base-db-subnet-group",
              "Owner": "Personal",
              "Purpose": "Knowledge Base Database",
              "Type": "Demo"
            },
            "tags_all": {
              "Name": "knowledge-base-db-subnet-group",
              "Owner": "Personal",
              "Purpose": "Knowledge Base Database",
              "Type": "Demo"
            },
            "vpc_id": "vpc-08d335a007d66e2a3"
          },
          "sensitive_attributes": [],
          "identity_schema_version": 0,
          "private": "bnVsbA==",
          "dependencies": [
            "module.rds_postgres.data.aws_subnets.default",
            "module.rds_postgres.data.aws_vpc.default"
          ]
        }
      ]
    },
    {
      "module": "module.rds_postgres",
      "mode": "managed",
      "type": "aws_security_group",
      "name": "rds",
      "provider": "provider[\"registry.terraform.io/hashicorp/aws\"]",
      "instances": [
        {
          "schema_version": 1,
          "attributes": {
            "arn": "arn:aws:ec2:ap-southeast-1:963884676923:security-group/sg-04949f65f358517a1",
            "description": "Security group for RDS PostgreSQL instance",
            "egress": [
              {
                "cidr_blocks": [
                  "0.0.0.0/0"
                ],
                "description": "All outbound traffic",
                "from_port": 0,
                "ipv6_cidr_blocks": [],
                "prefix_list_ids": [],
                "protocol": "-1",
                "security_groups": [],
                "self": false,
                "to_port": 0
              }
            ],
            "id": "sg-04949f65f358517a1",
            "ingress": [
              {
                "cidr_blocks": [
                  "103.199.68.69/32",
                  "103.199.55.71/32"
                ],
                "description": "PostgreSQL access from your IPs only",
                "from_port": 5432,
                "ipv6_cidr_blocks": [],
                "prefix_list_ids": [],
                "protocol": "tcp",
                "security_groups": [],
                "self": false,
                "to_port": 5432
              }
            ],
            "name": "knowledge-base-db-rds-sg",
            "name_prefix": "",
            "owner_id": "963884676923",
            "revoke_rules_on_delete": false,
            "tags": {
              "Name": "knowledge-base-db-rds-sg",
              "Owner": "Personal",
              "Purpose": "Knowledge Base Database",
              "Type": "Demo"
            },
            "tags_all": {
              "Name": "knowledge-base-db-rds-sg",
              "Owner": "Personal",
              "Purpose": "Knowledge Base Database",
              "Type": "Demo"
            },
            "timeouts": null,
            "vpc_id": "vpc-08d335a007d66e2a3"
          },
          "sensitive_attributes": [],
          "identity_schema_version": 0,
          "private": "eyJlMmJmYjczMC1lY2FhLTExZTYtOGY4OC0zNDM2M2JjN2M0YzAiOnsiY3JlYXRlIjo2MDAwMDAwMDAwMDAsImRlbGV0ZSI6OTAwMDAwMDAwMDAwfSwic2NoZW1hX3ZlcnNpb24iOiIxIn0=",
          "dependencies": [
            "module.rds_postgres.data.aws_vpc.default"
          ]
        }
      ]
    },
    {
      "module": "module.s3_bucket",
      "mode": "managed",
      "type": "aws_s3_bucket",
      "name": "this",
      "provider": "provider[\"registry.terraform.io/hashicorp/aws\"]",
      "instances": [
        {
          "schema_version": 0,
          "attributes": {
            "acceleration_status": "",
            "acl": null,
            "arn": "arn:aws:s3:::kb-bucket-personal-2025-10-09",
            "bucket": "kb-bucket-personal-2025-10-09",
            "bucket_domain_name": "kb-bucket-personal-2025-10-09.s3.amazonaws.com",
            "bucket_prefix": "",
            "bucket_regional_domain_name": "kb-bucket-personal-2025-10-09.s3.ap-southeast-1.amazonaws.com",
            "cors_rule": [],
            "force_destroy": true,
            "grant": [
              {
                "id": "5b211889c1d73a65486f3e727fc39e5933050b8e1d3ebb3136b0818c5c8e829d",
                "permissions": [
                  "FULL_CONTROL"
                ],
                "type": "CanonicalUser",
                "uri": ""
              }
            ],
            "hosted_zone_id": "Z3O0J2DXBE1FTB",
            "id": "kb-bucket-personal-2025-10-09",
            "lifecycle_rule": [],
            "logging": [],
            "object_lock_configuration": [],
            "object_lock_enabled": false,
            "policy": "",
            "region": "ap-southeast-1",
            "replication_configuration": [],
            "request_payer": "BucketOwner",
            "server_side_encryption_configuration": [
              {
                "rule": [
                  {
                    "apply_server_side_encryption_by_default": [
                      {
                        "kms_master_key_id": "",
                        "sse_algorithm": "AES256"
                      }
                    ],
                    "bucket_key_enabled": false
                  }
                ]
              }
            ],
            "tags": {
              "Environment": "Personal",
              "Name": "kb-bucket-personal-2025-10-09",
              "Owner": "Personal",
              "Project": "DemoTerraform",
              "Type": "Demo"
            },
            "tags_all": {
              "Environment": "Personal",
              "Name": "kb-bucket-personal-2025-10-09",
              "Owner": "Personal",
              "Project": "DemoTerraform",
              "Type": "Demo"
            },
            "timeouts": null,
            "versioning": [
              {
                "enabled": true,
                "mfa_delete": false
              }
            ],
            "website": [],
            "website_domain": null,
            "website_endpoint": null
          },
          "sensitive_attributes": [],
          "identity_schema_version": 0,
          "private": "eyJlMmJmYjczMC1lY2FhLTExZTYtOGY4OC0zNDM2M2JjN2M0YzAiOnsiY3JlYXRlIjoxMjAwMDAwMDAwMDAwLCJkZWxldGUiOjM2MDAwMDAwMDAwMDAsInJlYWQiOjEyMDAwMDAwMDAwMDAsInVwZGF0ZSI6MTIwMDAwMDAwMDAwMH19"
        }
      ]
    },
    {
      "module": "module.s3_bucket",
      "mode": "managed",
      "type": "aws_s3_bucket_public_access_block",
      "name": "this",
      "provider": "provider[\"registry.terraform.io/hashicorp/aws\"]",
      "instances": [
        {
          "schema_version": 0,
          "attributes": {
            "block_public_acls": true,
            "block_public_policy": true,
            "bucket": "kb-bucket-personal-2025-10-09",
            "id": "kb-bucket-personal-2025-10-09",
            "ignore_public_acls": true,
            "restrict_public_buckets": true
          },
          "sensitive_attributes": [],
          "identity_schema_version": 0,
          "private": "bnVsbA==",
          "dependencies": [
            "module.s3_bucket.aws_s3_bucket.this"
          ]
        }
      ]
    },
    {
      "module": "module.s3_bucket",
      "mode": "managed",
      "type": "aws_s3_bucket_server_side_encryption_configuration",
      "name": "this",
      "provider": "provider[\"registry.terraform.io/hashicorp/aws\"]",
      "instances": [
        {
          "schema_version": 0,
          "attributes": {
            "bucket": "kb-bucket-personal-2025-10-09",
            "expected_bucket_owner": "",
            "id": "kb-bucket-personal-2025-10-09",
            "rule": [
              {
                "apply_server_side_encryption_by_default": [
                  {
                    "kms_master_key_id": "",
                    "sse_algorithm": "AES256"
                  }
                ],
                "bucket_key_enabled": false
              }
            ]
          },
          "sensitive_attributes": [],
          "identity_schema_version": 0,
          "private": "bnVsbA==",
          "dependencies": [
            "module.s3_bucket.aws_s3_bucket.this"
          ]
        }
      ]
    },
    {
      "module": "module.s3_bucket",
      "mode": "managed",
      "type": "aws_s3_bucket_versioning",
      "name": "this",
      "provider": "provider[\"registry.terraform.io/hashicorp/aws\"]",
      "instances": [
        {
          "schema_version": 0,
          "attributes": {
            "bucket": "kb-bucket-personal-2025-10-09",
            "expected_bucket_owner": "",
            "id": "kb-bucket-personal-2025-10-09",
            "mfa": null,
            "versioning_configuration": [
              {
                "mfa_delete": "",
                "status": "Enabled"
              }
            ]
          },
          "sensitive_attributes": [],
          "identity_schema_version": 0,
          "private": "bnVsbA==",
          "dependencies": [
            "module.s3_bucket.aws_s3_bucket.this"
          ]
        }
      ]
    },
    {
      "module": "module.ses_service",
      "mode": "data",
      "type": "aws_caller_identity",
      "name": "current",
      "provider": "provider[\"registry.terraform.io/hashicorp/aws\"]",
      "instances": [
        {
          "schema_version": 0,
          "attributes": {
            "account_id": "963884676923",
            "arn": "arn:aws:iam::963884676923:user/dev-account",
            "id": "963884676923",
            "user_id": "AIDA6A3AA645Y3FRJK55V"
          },
          "sensitive_attributes": [],
          "identity_schema_version": 0
        }
      ]
    },
    {
      "module": "module.ses_service",
      "mode": "managed",
      "type": "aws_ses_configuration_set",
      "name": "this",
      "provider": "provider[\"registry.terraform.io/hashicorp/aws\"]",
      "instances": [
        {
          "schema_version": 0,
          "attributes": {
            "arn": "arn:aws:ses:ap-southeast-1:963884676923:configuration-set/knowledge-base-ses-config-set",
            "delivery_options": [
              {
                "tls_policy": "Require"
              }
            ],
            "id": "knowledge-base-ses-config-set",
            "last_fresh_start": "0001-01-01T00:00:00Z",
            "name": "knowledge-base-ses-config-set",
            "reputation_metrics_enabled": true,
            "sending_enabled": true,
            "tracking_options": []
          },
          "sensitive_attributes": [],
          "identity_schema_version": 0,
          "private": "bnVsbA=="
        }
      ]
    },
    {
      "module": "module.ses_service",
      "mode": "managed",
      "type": "aws_ses_event_destination",
      "name": "cloudwatch",
      "provider": "provider[\"registry.terraform.io/hashicorp/aws\"]",
      "instances": [
        {
          "schema_version": 0,
          "attributes": {
            "arn": "arn:aws:ses:ap-southeast-1:963884676923:configuration-set/knowledge-base-ses-config-set:event-destination/knowledge-base-ses-cloudwatch",
            "cloudwatch_destination": [
              {
                "default_value": "default",
                "dimension_name": "MessageTag",
                "value_source": "messageTag"
              }
            ],
            "configuration_set_name": "knowledge-base-ses-config-set",
            "enabled": true,
            "id": "knowledge-base-ses-cloudwatch",
            "kinesis_destination": [],
            "matching_types": [
              "bounce",
              "complaint",
              "delivery",
              "reject",
              "send"
            ],
            "name": "knowledge-base-ses-cloudwatch",
            "sns_destination": []
          },
          "sensitive_attributes": [],
          "identity_schema_version": 0,
          "private": "bnVsbA==",
          "dependencies": [
            "module.ses_service.aws_ses_configuration_set.this"
          ]
        }
      ]
    },
    {
      "module": "module.sqs_queue",
      "mode": "managed",
      "type": "aws_sqs_queue",
      "name": "dlq",
      "provider": "provider[\"registry.terraform.io/hashicorp/aws\"]",
      "instances": [
        {
          "schema_version": 0,
          "attributes": {
            "arn": "arn:aws:sqs:ap-southeast-1:963884676923:document-queue-dlq",
            "content_based_deduplication": false,
            "deduplication_scope": "",
            "delay_seconds": 0,
            "fifo_queue": false,
            "fifo_throughput_limit": "",
            "id": "https://sqs.ap-southeast-1.amazonaws.com/963884676923/document-queue-dlq",
            "kms_data_key_reuse_period_seconds": 300,
            "kms_master_key_id": "",
            "max_message_size": 262144,
            "message_retention_seconds": 345600,
            "name": "document-queue-dlq",
            "name_prefix": "",
            "policy": "",
            "receive_wait_time_seconds": 0,
            "redrive_allow_policy": "",
            "redrive_policy": "",
            "sqs_managed_sse_enabled": true,
            "tags": {
              "Environment": "Personal",
              "Name": "document-queue-dlq",
              "Owner": "Personal",
              "Project": "DemoTerraform",
              "Type": "Demo"
            },
            "tags_all": {
              "Environment": "Personal",
              "Name": "document-queue-dlq",
              "Owner": "Personal",
              "Project": "DemoTerraform",
              "Type": "Demo"
            },
            "timeouts": null,
            "url": "https://sqs.ap-southeast-1.amazonaws.com/963884676923/document-queue-dlq",
            "visibility_timeout_seconds": 30
          },
          "sensitive_attributes": [],
          "identity_schema_version": 0,
          "private": "eyJlMmJmYjczMC1lY2FhLTExZTYtOGY4OC0zNDM2M2JjN2M0YzAiOnsiY3JlYXRlIjoxODAwMDAwMDAwMDAsImRlbGV0ZSI6MTgwMDAwMDAwMDAwLCJ1cGRhdGUiOjE4MDAwMDAwMDAwMH19"
        }
      ]
    },
    {
      "module": "module.sqs_queue",
      "mode": "managed",
      "type": "aws_sqs_queue",
      "name": "this",
      "provider": "provider[\"registry.terraform.io/hashicorp/aws\"]",
      "instances": [
        {
          "schema_version": 0,
          "attributes": {
            "arn": "arn:aws:sqs:ap-southeast-1:963884676923:document-queue",
            "content_based_deduplication": false,
            "deduplication_scope": "",
            "delay_seconds": 0,
            "fifo_queue": false,
            "fifo_throughput_limit": "",
            "id": "https://sqs.ap-southeast-1.amazonaws.com/963884676923/document-queue",
            "kms_data_key_reuse_period_seconds": 300,
            "kms_master_key_id": "",
            "max_message_size": 262144,
            "message_retention_seconds": 86400,
            "name": "document-queue",
            "name_prefix": "",
            "policy": "{\"Statement\":[{\"Action\":\"sqs:SendMessage\",\"Condition\":{\"ArnEquals\":{\"aws:SourceArn\":\"arn:aws:s3:::kb-bucket-personal-2025-10-09\"}},\"Effect\":\"Allow\",\"Principal\":\"*\",\"Resource\":\"arn:aws:sqs:ap-southeast-1:963884676923:document-queue\",\"Sid\":\"AllowS3SendMessage\"}],\"Version\":\"2012-10-17\"}",
            "receive_wait_time_seconds": 0,
            "redrive_allow_policy": "",
            "redrive_policy": "{\"deadLetterTargetArn\":\"arn:aws:sqs:ap-southeast-1:963884676923:document-queue-dlq\",\"maxReceiveCount\":3}",
            "sqs_managed_sse_enabled": true,
            "tags": {
              "Environment": "Personal",
              "Name": "document-queue",
              "Owner": "Personal",
              "Project": "DemoTerraform",
              "Type": "Demo"
            },
            "tags_all": {
              "Environment": "Personal",
              "Name": "document-queue",
              "Owner": "Personal",
              "Project": "DemoTerraform",
              "Type": "Demo"
            },
            "timeouts": null,
            "url": "https://sqs.ap-southeast-1.amazonaws.com/963884676923/document-queue",
            "visibility_timeout_seconds": 30
          },
          "sensitive_attributes": [],
          "identity_schema_version": 0,
          "private": "eyJlMmJmYjczMC1lY2FhLTExZTYtOGY4OC0zNDM2M2JjN2M0YzAiOnsiY3JlYXRlIjoxODAwMDAwMDAwMDAsImRlbGV0ZSI6MTgwMDAwMDAwMDAwLCJ1cGRhdGUiOjE4MDAwMDAwMDAwMH19"
        }
      ]
    },
    {
      "module": "module.sqs_queue",
      "mode": "managed",
      "type": "aws_sqs_queue_redrive_policy",
      "name": "this",
      "provider": "provider[\"registry.terraform.io/hashicorp/aws\"]",
      "instances": [
        {
          "schema_version": 0,
          "attributes": {
            "id": "https://sqs.ap-southeast-1.amazonaws.com/963884676923/document-queue",
            "queue_url": "https://sqs.ap-southeast-1.amazonaws.com/963884676923/document-queue",
            "redrive_policy": "{\"deadLetterTargetArn\":\"arn:aws:sqs:ap-southeast-1:963884676923:document-queue-dlq\",\"maxReceiveCount\":3}"
          },
          "sensitive_attributes": [],
          "identity_schema_version": 0,
          "private": "bnVsbA==",
          "dependencies": [
            "module.sqs_queue.aws_sqs_queue.dlq",
            "module.sqs_queue.aws_sqs_queue.this"
          ]
        }
      ]
    }
  ],
  "check_results": null
}
